
Microsoft Visual Studio Solution File, Format Version 12.00
# Visual Studio 15
VisualStudioVersion = 15.0.27428.2027
MinimumVisualStudioVersion = 10.0.40219.1
Project("{FAE04EC0-301F-11D3-BF4B-00C04F79EFBC}") = "AsyncLocal.SimpleInjector.Web", "AsyncLocal.SimpleInjector.Web\AsyncLocal.SimpleInjector.Web.csproj", "{1E1D53B4-1CF4-483A-B131-9918CB5A2727}"
EndProject
Global
	GlobalSection(SolutionConfigurationPlatforms) = preSolution
		Debug|Any CPU = Debug|Any CPU
		Release|Any CPU = Release|Any CPU
	EndGlobalSection
	GlobalSection(ProjectConfigurationPlatforms) = postSolution
		{1E1D53B4-1CF4-483A-B131-9918CB5A2727}.Debug|Any CPU.ActiveCfg = Debug|Any CPU
		{1E1D53B4-1CF4-483A-B131-9918CB5A2727}.Debug|Any CPU.Build.0 = Debug|Any CPU
		{1E1D53B4-1CF4-483A-B131-9918CB5A2727}.Release|Any CPU.ActiveCfg = Release|Any CPU
		{1E1D53B4-1CF4-483A-B131-9918CB5A2727}.Release|Any CPU.Build.0 = Release|Any CPU
	EndGlobalSection
	GlobalSection(SolutionProperties) = preSolution
		HideSolutionNode = FALSE
	EndGlobalSection
	GlobalSection(ExtensibilityGlobals) = postSolution
		SolutionGuid = {B1B66517-2176-4EAF-AE97-FF522D8867AF}
	EndGlobalSection
EndGlobal
